
Microsoft Visual Studio Solution File, Format Version 12.00
# Visual Studio Version 17
VisualStudioVersion = 17.13.36105.23 d17.13
MinimumVisualStudioVersion = 10.0.40219.1
Project("{FAE04EC0-301F-11D3-BF4B-00C04F79EFBC}") = "StripIt", "StripIt\StripIt.csproj", "{B2BFB44D-1B6D-4B43-81CF-15C4FE9724B7}"
EndProject
Global
	GlobalSection(SolutionConfigurationPlatforms) = preSolution
		Debug R20|Any CPU = Debug R20|Any CPU
		Debug R21|Any CPU = Debug R21|Any CPU
		Debug R22|Any CPU = Debug R22|Any CPU
		Debug R23|Any CPU = Debug R23|Any CPU
		Debug R24|Any CPU = Debug R24|Any CPU
		Debug R25|Any CPU = Debug R25|Any CPU
		Debug R26|Any CPU = Debug R26|Any CPU
		Release R20|Any CPU = Release R20|Any CPU
		Release R21|Any CPU = Release R21|Any CPU
		Release R22|Any CPU = Release R22|Any CPU
		Release R23|Any CPU = Release R23|Any CPU
		Release R24|Any CPU = Release R24|Any CPU
		Release R25|Any CPU = Release R25|Any CPU
		Release R26|Any CPU = Release R26|Any CPU
	EndGlobalSection
	GlobalSection(ProjectConfigurationPlatforms) = postSolution
		{B2BFB44D-1B6D-4B43-81CF-15C4FE9724B7}.Debug R20|Any CPU.ActiveCfg = Debug R20|Any CPU
		{B2BFB44D-1B6D-4B43-81CF-15C4FE9724B7}.Debug R20|Any CPU.Build.0 = Debug R20|Any CPU
		{B2BFB44D-1B6D-4B43-81CF-15C4FE9724B7}.Debug R21|Any CPU.ActiveCfg = Debug R21|Any CPU
		{B2BFB44D-1B6D-4B43-81CF-15C4FE9724B7}.Debug R21|Any CPU.Build.0 = Debug R21|Any CPU
		{B2BFB44D-1B6D-4B43-81CF-15C4FE9724B7}.Debug R22|Any CPU.ActiveCfg = Debug R22|Any CPU
		{B2BFB44D-1B6D-4B43-81CF-15C4FE9724B7}.Debug R22|Any CPU.Build.0 = Debug R22|Any CPU
		{B2BFB44D-1B6D-4B43-81CF-15C4FE9724B7}.Debug R23|Any CPU.ActiveCfg = Debug R23|Any CPU
		{B2BFB44D-1B6D-4B43-81CF-15C4FE9724B7}.Debug R23|Any CPU.Build.0 = Debug R23|Any CPU
		{B2BFB44D-1B6D-4B43-81CF-15C4FE9724B7}.Debug R24|Any CPU.ActiveCfg = Debug R24|Any CPU
		{B2BFB44D-1B6D-4B43-81CF-15C4FE9724B7}.Debug R24|Any CPU.Build.0 = Debug R24|Any CPU
		{B2BFB44D-1B6D-4B43-81CF-15C4FE9724B7}.Debug R25|Any CPU.ActiveCfg = Debug R25|Any CPU
		{B2BFB44D-1B6D-4B43-81CF-15C4FE9724B7}.Debug R25|Any CPU.Build.0 = Debug R25|Any CPU
		{B2BFB44D-1B6D-4B43-81CF-15C4FE9724B7}.Debug R26|Any CPU.ActiveCfg = Debug R26|Any CPU
		{B2BFB44D-1B6D-4B43-81CF-15C4FE9724B7}.Debug R26|Any CPU.Build.0 = Debug R26|Any CPU
		{B2BFB44D-1B6D-4B43-81CF-15C4FE9724B7}.Release R20|Any CPU.ActiveCfg = Release R20|Any CPU
		{B2BFB44D-1B6D-4B43-81CF-15C4FE9724B7}.Release R20|Any CPU.Build.0 = Release R20|Any CPU
		{B2BFB44D-1B6D-4B43-81CF-15C4FE9724B7}.Release R21|Any CPU.ActiveCfg = Release R21|Any CPU
		{B2BFB44D-1B6D-4B43-81CF-15C4FE9724B7}.Release R21|Any CPU.Build.0 = Release R21|Any CPU
		{B2BFB44D-1B6D-4B43-81CF-15C4FE9724B7}.Release R22|Any CPU.ActiveCfg = Release R22|Any CPU
		{B2BFB44D-1B6D-4B43-81CF-15C4FE9724B7}.Release R22|Any CPU.Build.0 = Release R22|Any CPU
		{B2BFB44D-1B6D-4B43-81CF-15C4FE9724B7}.Release R23|Any CPU.ActiveCfg = Release R23|Any CPU
		{B2BFB44D-1B6D-4B43-81CF-15C4FE9724B7}.Release R23|Any CPU.Build.0 = Release R23|Any CPU
		{B2BFB44D-1B6D-4B43-81CF-15C4FE9724B7}.Release R24|Any CPU.ActiveCfg = Release R24|Any CPU
		{B2BFB44D-1B6D-4B43-81CF-15C4FE9724B7}.Release R24|Any CPU.Build.0 = Release R24|Any CPU
		{B2BFB44D-1B6D-4B43-81CF-15C4FE9724B7}.Release R25|Any CPU.ActiveCfg = Release R25|Any CPU
		{B2BFB44D-1B6D-4B43-81CF-15C4FE9724B7}.Release R25|Any CPU.Build.0 = Release R25|Any CPU
		{B2BFB44D-1B6D-4B43-81CF-15C4FE9724B7}.Release R26|Any CPU.ActiveCfg = Release R26|Any CPU
		{B2BFB44D-1B6D-4B43-81CF-15C4FE9724B7}.Release R26|Any CPU.Build.0 = Release R26|Any CPU
	EndGlobalSection
	GlobalSection(SolutionProperties) = preSolution
		HideSolutionNode = FALSE
	EndGlobalSection
	GlobalSection(ExtensibilityGlobals) = postSolution
		SolutionGuid = {06B06022-113B-4DBE-9308-5B1609963939}
	EndGlobalSection
EndGlobal
